
Microsoft Visual Studio Solution File, Format Version 12.00
# Visual Studio 15
VisualStudioVersion = 15.0.26730.15
MinimumVisualStudioVersion = 10.0.40219.1
Project("{FAE04EC0-301F-11D3-BF4B-00C04F79EFBC}") = "MyProject", "MyProject\MyProject.csproj", "{6A9F92F7-69DD-451E-B2A1-1864A9BE229E}"
EndProject
Global
	GlobalSection(SolutionConfigurationPlatforms) = preSolution
		Debug|Any CPU = Debug|Any CPU
		Release|Any CPU = Release|Any CPU
	EndGlobalSection
	GlobalSection(ProjectConfigurationPlatforms) = postSolution
		{6A9F92F7-69DD-451E-B2A1-1864A9BE229E}.Debug|Any CPU.ActiveCfg = Debug|Any CPU
		{6A9F92F7-69DD-451E-B2A1-1864A9BE229E}.Debug|Any CPU.Build.0 = Debug|Any CPU
		{6A9F92F7-69DD-451E-B2A1-1864A9BE229E}.Release|Any CPU.ActiveCfg = Release|Any CPU
		{6A9F92F7-69DD-451E-B2A1-1864A9BE229E}.Release|Any CPU.Build.0 = Release|Any CPU
	EndGlobalSection
	GlobalSection(SolutionProperties) = preSolution
		HideSolutionNode = FALSE
	EndGlobalSection
	GlobalSection(ExtensibilityGlobals) = postSolution
		SolutionGuid = {3C0FC212-12E9-41D5-AF0F-8A19129E2712}
	EndGlobalSection
EndGlobal
